
Microsoft Visual Studio Solution File, Format Version 12.00
# Visual Studio Version 16
VisualStudioVersion = 16.0.33423.256
MinimumVisualStudioVersion = 10.0.40219.1
Project("{FAE04EC0-301F-11D3-BF4B-00C04F79EFBC}") = "ArtGallery", "ArtGallery\ArtGallery.csproj", "{398150B9-7273-4994-93CD-73EFD18539DD}"
EndProject
Global
	GlobalSection(SolutionConfigurationPlatforms) = preSolution
		Debug|Any CPU = Debug|Any CPU
		Release|Any CPU = Release|Any CPU
	EndGlobalSection
	GlobalSection(ProjectConfigurationPlatforms) = postSolution
		{398150B9-7273-4994-93CD-73EFD18539DD}.Debug|Any CPU.ActiveCfg = Debug|Any CPU
		{398150B9-7273-4994-93CD-73EFD18539DD}.Debug|Any CPU.Build.0 = Debug|Any CPU
		{398150B9-7273-4994-93CD-73EFD18539DD}.Release|Any CPU.ActiveCfg = Release|Any CPU
		{398150B9-7273-4994-93CD-73EFD18539DD}.Release|Any CPU.Build.0 = Release|Any CPU
	EndGlobalSection
	GlobalSection(SolutionProperties) = preSolution
		HideSolutionNode = FALSE
	EndGlobalSection
	GlobalSection(ExtensibilityGlobals) = postSolution
		SolutionGuid = {7C04AE6D-3FF0-4546-9C41-301137DB3FE6}
	EndGlobalSection
EndGlobal
